{
  "name": "develop",
  "lockfileVersion": 3,
  "requires": true,
  "packages": {
    "": {
      "dependencies": {
        "lru-cache": "^11.2.1"
      }
    },
    "node_modules/lru-cache": {
      "version": "11.2.1",
      "resolved": "https://registry.npmjs.org/lru-cache/-/lru-cache-11.2.1.tgz",
      "integrity": "sha512-r8LA6i4LP4EeWOhqBaZZjDWwehd1xUJPCJd9Sv300H0ZmcUER4+JPh7bqqZeqs1o5pgtgvXm+d9UGrB5zZGDiQ==",
      "license": "ISC",
      "engines": {
        "node": "20 || >=22"
      }
    }
  }
}
